
Microsoft Visual Studio Solution File, Format Version 12.00
# Visual Studio 15
VisualStudioVersion = 15.0.28307.572
MinimumVisualStudioVersion = 10.0.40219.1
Project("{FAE04EC0-301F-11D3-BF4B-00C04F79EFBC}") = "WebApplication4", "WebApplication4\WebApplication4.csproj", "{B9D836FB-8924-4340-8A15-81F8FD260EDA}"
EndProject
Global
	GlobalSection(SolutionConfigurationPlatforms) = preSolution
		Debug|Any CPU = Debug|Any CPU
		Release|Any CPU = Release|Any CPU
	EndGlobalSection
	GlobalSection(ProjectConfigurationPlatforms) = postSolution
		{B9D836FB-8924-4340-8A15-81F8FD260EDA}.Debug|Any CPU.ActiveCfg = Debug|Any CPU
		{B9D836FB-8924-4340-8A15-81F8FD260EDA}.Debug|Any CPU.Build.0 = Debug|Any CPU
		{B9D836FB-8924-4340-8A15-81F8FD260EDA}.Release|Any CPU.ActiveCfg = Release|Any CPU
		{B9D836FB-8924-4340-8A15-81F8FD260EDA}.Release|Any CPU.Build.0 = Release|Any CPU
	EndGlobalSection
	GlobalSection(SolutionProperties) = preSolution
		HideSolutionNode = FALSE
	EndGlobalSection
	GlobalSection(ExtensibilityGlobals) = postSolution
		SolutionGuid = {CBBE4CC3-2D66-4BF8-913C-7B1A1AF33883}
	EndGlobalSection
EndGlobal
